github.com/ReanSn0w/gew v1.2.2 h1:aOkhtW4VtTly2IXCzpM2OIBczYzv9SF3OyEgMcNGBO8=
github.com/ReanSn0w/gew v1.2.2/go.mod h1:dCMpxsqSdDnbZhUeJkIJEscdlND8FAnbmOSPAoV2x3o=
github.com/go-chi/chi v1.5.4 h1:QHdzF2szwjqVV4wmByUnTcsbIg7UGaQ0tPF2t5GcAIs=
github.com/go-chi/chi v1.5.4/go.mod h1:uaf8YgoFazUOkPBG7fxPftUylNumIev9awIWOENIuEg=
